{
    "name": "allwpilib-workspace",
    "version": "0.0.0",
    "lockfileVersion": 2,
    "requires": true,
    "packages": {
        "": {
            "name": "allwpilib-workspace",
            "version": "0.0.0",
            "dependencies": {
                "flatbuffers": "^2.0.0"
            },
            "devDependencies": {
                "@types/node": "^18.0.0",
                "pnpm": "^10.26.2"
            }
        },
        "node_modules/@types/node": {
            "version": "18.19.130",
            "resolved": "https://registry.npmjs.org/@types/node/-/node-18.19.130.tgz",
            "integrity": "sha512-GRaXQx6jGfL8sKfaIDD6OupbIHBr9jv7Jnaml9tB7l4v068PAOXqfcujMMo5PhbIs6ggR1XODELqahT2R8v0fg==",
            "dev": true,
            "dependencies": {
                "undici-types": "~5.26.4"
            }
        },
        "node_modules/flatbuffers": {
            "version": "2.0.7",
            "resolved": "https://registry.npmjs.org/flatbuffers/-/flatbuffers-2.0.7.tgz",
            "integrity": "sha512-5JulPk3a7zTdb2p2ElkAT8hmw4udmSL8GoRKkDa/y9+qFwKbFrRgAbF4VgSt2oIGTEpBqz9CmsvwCstwJ5D9kg=="
        },
        "node_modules/pnpm": {
            "version": "10.26.2",
            "resolved": "https://registry.npmjs.org/pnpm/-/pnpm-10.26.2.tgz",
            "integrity": "sha512-DjCP8gBfx0EDZvFU9iX2YxqysWsdLnAjhETdaunWMKhILZKkURRN68SSQWiW7Rb3sRSobsaLhASyRDhp5o/9pg==",
            "dev": true,
            "bin": {
                "pnpm": "bin/pnpm.cjs",
                "pnpx": "bin/pnpx.cjs"
            },
            "engines": {
                "node": ">=18.12"
            },
            "funding": {
                "url": "https://opencollective.com/pnpm"
            }
        },
        "node_modules/undici-types": {
            "version": "5.26.5",
            "resolved": "https://registry.npmjs.org/undici-types/-/undici-types-5.26.5.tgz",
            "integrity": "sha512-JlCMO+ehdEIKqlFxk6IfVoAUVmgz7cU7zD/h9XZ0qzeosSHmUJVOzSQvvYSYWXkFXC+IfLKSIffhv0sVZup6pA==",
            "dev": true
        }
    },
    "dependencies": {
        "@types/node": {
            "version": "18.19.130",
            "resolved": "https://registry.npmjs.org/@types/node/-/node-18.19.130.tgz",
            "integrity": "sha512-GRaXQx6jGfL8sKfaIDD6OupbIHBr9jv7Jnaml9tB7l4v068PAOXqfcujMMo5PhbIs6ggR1XODELqahT2R8v0fg==",
            "dev": true,
            "requires": {
                "undici-types": "~5.26.4"
            }
        },
        "flatbuffers": {
            "version": "2.0.7",
            "resolved": "https://registry.npmjs.org/flatbuffers/-/flatbuffers-2.0.7.tgz",
            "integrity": "sha512-5JulPk3a7zTdb2p2ElkAT8hmw4udmSL8GoRKkDa/y9+qFwKbFrRgAbF4VgSt2oIGTEpBqz9CmsvwCstwJ5D9kg=="
        },
        "pnpm": {
            "version": "10.26.2",
            "resolved": "https://registry.npmjs.org/pnpm/-/pnpm-10.26.2.tgz",
            "integrity": "sha512-DjCP8gBfx0EDZvFU9iX2YxqysWsdLnAjhETdaunWMKhILZKkURRN68SSQWiW7Rb3sRSobsaLhASyRDhp5o/9pg==",
            "dev": true
        },
        "undici-types": {
            "version": "5.26.5",
            "resolved": "https://registry.npmjs.org/undici-types/-/undici-types-5.26.5.tgz",
            "integrity": "sha512-JlCMO+ehdEIKqlFxk6IfVoAUVmgz7cU7zD/h9XZ0qzeosSHmUJVOzSQvvYSYWXkFXC+IfLKSIffhv0sVZup6pA==",
            "dev": true
        }
    }
}
